// !$*UTF8*$!
{
	archiveVersion = 1;
	classes = {
	};
	objectVersion = 56;
	objects = {

/* Begin PBXBuildFile section */
		015777D8C277446586BD109E /* SinkingParticlesView.swift in Sources */ = {isa = PBXBuildFile; fileRef = 91A3C3AF7E5A48D9BB44C376 /* SinkingParticlesView.swift */; };
		0B9C051AF62940A291556A5A /* ContentView.swift in Sources */ = {isa = PBXBuildFile; fileRef = DA747A530CE2465C86C8086D /* ContentView.swift */; };
		1F8A3999791D45E2BEB07EF6 /* Assets.xcassets in Resources */ = {isa = PBXBuildFile; fileRef = 8CB62AF50EDB4A6BA58A16C5 /* Assets.xcassets */; };
		4A42BF5AFA9E4BC8BEB8E919 /* EchoSinkApp.swift in Sources */ = {isa = PBXBuildFile; fileRef = CF3DC1C908E045828533D2B4 /* EchoSinkApp.swift */; };
		5057BCB91F3E46D697AAB85D /* HapticManager.swift in Sources */ = {isa = PBXBuildFile; fileRef = 06B11BE61AF642F19FD85358 /* HapticManager.swift */; };
		50CA9C2C36294854A016D587 /* DraftEditorView.swift in Sources */ = {isa = PBXBuildFile; fileRef = 089F58101D91430D9EB3685E /* DraftEditorView.swift */; };
		5E61F476762E459FBAEE1770 /* Draft.swift in Sources */ = {isa = PBXBuildFile; fileRef = 9531C86F05C2470BB785D5DF /* Draft.swift */; };
		66ED0C979D0544729A9A2CA5 /* NotificationManager.swift in Sources */ = {isa = PBXBuildFile; fileRef = B1A9A1E4FA524F83886A7EDB /* NotificationManager.swift */; };
		7BDFD4B3670C4091BA00E9E5 /* CoolingReservoirView.swift in Sources */ = {isa = PBXBuildFile; fileRef = 8E8EEED876154D0A88981BD5 /* CoolingReservoirView.swift */; };
		CF76BEE535904A8DBD0373D8 /* LiquidProgressView.swift in Sources */ = {isa = PBXBuildFile; fileRef = 1D720EA2475B4BF29FBA528B /* LiquidProgressView.swift */; };
		F30F680805664B418BD80639 /* SinkButtonStyle.swift in Sources */ = {isa = PBXBuildFile; fileRef = 3AF961750395474A8A8EEDD7 /* SinkButtonStyle.swift */; };
/* End PBXBuildFile section */

/* Begin PBXFileReference section */
		06B11BE61AF642F19FD85358 /* HapticManager.swift */ = {isa = PBXFileReference; lastKnownFileType = sourcecode.swift; path = HapticManager.swift; sourceTree = "<group>"; };
		089F58101D91430D9EB3685E /* DraftEditorView.swift */ = {isa = PBXFileReference; lastKnownFileType = sourcecode.swift; path = DraftEditorView.swift; sourceTree = "<group>"; };
		1AA221688DEE48BDBFF853EA /* EchoSink.app */ = {isa = PBXFileReference; explicitFileType = wrapper.application; includeInIndex = 0; path = EchoSink.app; sourceTree = BUILT_PRODUCTS_DIR; };
		1D720EA2475B4BF29FBA528B /* LiquidProgressView.swift */ = {isa = PBXFileReference; lastKnownFileType = sourcecode.swift; path = LiquidProgressView.swift; sourceTree = "<group>"; };
		3AF961750395474A8A8EEDD7 /* SinkButtonStyle.swift */ = {isa = PBXFileReference; lastKnownFileType = sourcecode.swift; path = SinkButtonStyle.swift; sourceTree = "<group>"; };
		8CB62AF50EDB4A6BA58A16C5 /* Assets.xcassets */ = {isa = PBXFileReference; lastKnownFileType = folder.assetcatalog; path = Assets.xcassets; sourceTree = "<group>"; };
		8E8EEED876154D0A88981BD5 /* CoolingReservoirView.swift */ = {isa = PBXFileReference; lastKnownFileType = sourcecode.swift; path = CoolingReservoirView.swift; sourceTree = "<group>"; };
		91A3C3AF7E5A48D9BB44C376 /* SinkingParticlesView.swift */ = {isa = PBXFileReference; lastKnownFileType = sourcecode.swift; path = SinkingParticlesView.swift; sourceTree = "<group>"; };
		9531C86F05C2470BB785D5DF /* Draft.swift */ = {isa = PBXFileReference; lastKnownFileType = sourcecode.swift; path = Draft.swift; sourceTree = "<group>"; };
		B1A9A1E4FA524F83886A7EDB /* NotificationManager.swift */ = {isa = PBXFileReference; lastKnownFileType = sourcecode.swift; path = NotificationManager.swift; sourceTree = "<group>"; };
		CF3DC1C908E045828533D2B4 /* EchoSinkApp.swift */ = {isa = PBXFileReference; lastKnownFileType = sourcecode.swift; path = EchoSinkApp.swift; sourceTree = "<group>"; };
		DA747A530CE2465C86C8086D /* ContentView.swift */ = {isa = PBXFileReference; lastKnownFileType = sourcecode.swift; path = ContentView.swift; sourceTree = "<group>"; };
/* End PBXFileReference section */

/* Begin PBXFrameworksBuildPhase section */
		2DD09A9386D64EC6B9C84D78 /* Frameworks */ = {
			isa = PBXFrameworksBuildPhase;
			buildActionMask = 2147483647;
			files = (
			);
			runOnlyForDeploymentPostprocessing = 0;
		};
/* End PBXFrameworksBuildPhase section */

/* Begin PBXGroup section */
		5E54654FB1704B12B923B1E6 /* EchoSink */ = {
			isa = PBXGroup;
			children = (
				CF3DC1C908E045828533D2B4 /* EchoSinkApp.swift */,
				DA747A530CE2465C86C8086D /* ContentView.swift */,
				089F58101D91430D9EB3685E /* DraftEditorView.swift */,
				8E8EEED876154D0A88981BD5 /* CoolingReservoirView.swift */,
				9531C86F05C2470BB785D5DF /* Draft.swift */,
				06B11BE61AF642F19FD85358 /* HapticManager.swift */,
				1D720EA2475B4BF29FBA528B /* LiquidProgressView.swift */,
				3AF961750395474A8A8EEDD7 /* SinkButtonStyle.swift */,
				91A3C3AF7E5A48D9BB44C376 /* SinkingParticlesView.swift */,
				B1A9A1E4FA524F83886A7EDB /* NotificationManager.swift */,
				8CB62AF50EDB4A6BA58A16C5 /* Assets.xcassets */,
			);
			path = EchoSink;
			sourceTree = "<group>";
		};
		6E14ADBAE81E45268C02E07D = {
			isa = PBXGroup;
			children = (
				5E54654FB1704B12B923B1E6 /* EchoSink */,
				DCEAF3000B8F4C209455AD6C /* Products */,
			);
			sourceTree = "<group>";
		};
		DCEAF3000B8F4C209455AD6C /* Products */ = {
			isa = PBXGroup;
			children = (
				1AA221688DEE48BDBFF853EA /* EchoSink.app */,
			);
			name = Products;
			sourceTree = "<group>";
		};
/* End PBXGroup section */

/* Begin PBXNativeTarget section */
		D6CFBE91D96045059AA80699 /* EchoSink */ = {
			isa = PBXNativeTarget;
			buildConfigurationList = 700F058BC3134481B530D61D /* Build configuration list for PBXNativeTarget "EchoSink" */;
			buildPhases = (
				C79E94D5C3F64D83B139765C /* Sources */,
				2DD09A9386D64EC6B9C84D78 /* Frameworks */,
				A7F4A15F51184EFCB3677247 /* Resources */,
			);
			buildRules = (
			);
			dependencies = (
			);
			name = EchoSink;
			productName = EchoSink;
			productReference = 1AA221688DEE48BDBFF853EA /* EchoSink.app */;
			productType = "com.apple.product-type.application";
		};
/* End PBXNativeTarget section */

/* Begin PBXProject section */
		5CC89B395FFD473E9CE5D3E0 /* Project object */ = {
			isa = PBXProject;
			attributes = {
				BuildIndependentTargetsInParallel = 1;
				LastSwiftUpdateCheck = 1600;
				LastUpgradeCheck = 1600;
				TargetAttributes = {
					D6CFBE91D96045059AA80699 = {
						CreatedOnToolsVersion = 16.0;
					};
				};
			};
			buildConfigurationList = F43CDB8BDB9A42E59531B105 /* Build configuration list for PBXProject "EchoSink" */;
			compatibilityVersion = "Xcode 14.0";
			developmentRegion = en;
			hasScannedForEncodings = 0;
			knownRegions = (
				en,
				Base,
			);
			mainGroup = 6E14ADBAE81E45268C02E07D;
			productRefGroup = DCEAF3000B8F4C209455AD6C /* Products */;
			projectDirPath = "";
			projectRoot = "";
			targets = (
				D6CFBE91D96045059AA80699 /* EchoSink */,
			);
		};
/* End PBXProject section */

/* Begin PBXResourcesBuildPhase section */
		A7F4A15F51184EFCB3677247 /* Resources */ = {
			isa = PBXResourcesBuildPhase;
			buildActionMask = 2147483647;
			files = (
				1F8A3999791D45E2BEB07EF6 /* Assets.xcassets in Resources */,
			);
			runOnlyForDeploymentPostprocessing = 0;
		};
/* End PBXResourcesBuildPhase section */

/* Begin PBXSourcesBuildPhase section */
		C79E94D5C3F64D83B139765C /* Sources */ = {
			isa = PBXSourcesBuildPhase;
			buildActionMask = 2147483647;
			files = (
				4A42BF5AFA9E4BC8BEB8E919 /* EchoSinkApp.swift in Sources */,
				0B9C051AF62940A291556A5A /* ContentView.swift in Sources */,
				50CA9C2C36294854A016D587 /* DraftEditorView.swift in Sources */,
				7BDFD4B3670C4091BA00E9E5 /* CoolingReservoirView.swift in Sources */,
				5057BCB91F3E46D697AAB85D /* HapticManager.swift in Sources */,
				5E61F476762E459FBAEE1770 /* Draft.swift in Sources */,
				CF76BEE535904A8DBD0373D8 /* LiquidProgressView.swift in Sources */,
				F30F680805664B418BD80639 /* SinkButtonStyle.swift in Sources */,
				015777D8C277446586BD109E /* SinkingParticlesView.swift in Sources */,
				66ED0C979D0544729A9A2CA5 /* NotificationManager.swift in Sources */,
			);
			runOnlyForDeploymentPostprocessing = 0;
		};
/* End PBXSourcesBuildPhase section */

/* Begin XCBuildConfiguration section */
		6311B7A8EC6A4EF3BD65C1CC /* Debug */ = {
			isa = XCBuildConfiguration;
			buildSettings = {
				ALWAYS_SEARCH_USER_PATHS = NO;
				ASSETCATALOG_COMPILER_GENERATE_SWIFT_ASSET_SYMBOL_EXTENSIONS = YES;
				CLANG_ANALYZER_NONNULL = YES;
				CLANG_ANALYZER_NUMBER_OBJECT_CONVERSION = YES_AGGRESSIVE;
				CLANG_CXX_LANGUAGE_STANDARD = "gnu++20";
				CLANG_ENABLE_MODULES = YES;
				CLANG_ENABLE_OBJC_ARC = YES;
				CLANG_ENABLE_OBJC_WEAK = YES;
				CLANG_WARN_BLOCK_CAPTURE_AUTORELEASING = YES;
				CLANG_WARN_BOOL_CONVERSION = YES;
				CLANG_WARN_COMMA = YES;
				CLANG_WARN_CONSTANT_CONVERSION = YES;
				CLANG_WARN_DEPRECATED_OBJC_IMPLEMENTATIONS = YES;
				CLANG_WARN_DIRECT_OBJC_ISA_USAGE = YES_ERROR;
				CLANG_WARN_DOCUMENTATION_COMMENTS = YES;
				CLANG_WARN_EMPTY_BODY = YES;
				CLANG_WARN_ENUM_CONVERSION = YES;
				CLANG_WARN_INFINITE_RECURSION = YES;
				CLANG_WARN_INT_CONVERSION = YES;
				CLANG_WARN_NON_LITERAL_NULL_CONVERSION = YES;
				CLANG_WARN_OBJC_IMPLICIT_RETAIN_SELF = YES;
				CLANG_WARN_OBJC_LITERAL_CONVERSION = YES;
				CLANG_WARN_OBJC_ROOT_CLASS = YES_ERROR;
				CLANG_WARN_QUOTED_INCLUDE_IN_FRAMEWORK_HEADER = YES;
				CLANG_WARN_RANGE_LOOP_ANALYSIS = YES;
				CLANG_WARN_STRICT_PROTOTYPES = YES;
				CLANG_WARN_SUSPICIOUS_MOVE = YES;
				CLANG_WARN_UNGUARDED_AVAILABILITY = YES_AGGRESSIVE;
				CLANG_WARN_UNREACHABLE_CODE = YES;
				CLANG_WARN__DUPLICATE_METHOD_MATCH = YES;
				COPY_PHASE_STRIP = NO;
				DEBUG_INFORMATION_FORMAT = dwarf;
				ENABLE_STRICT_OBJC_MSGSEND = YES;
				ENABLE_TESTABILITY = YES;
				ENABLE_USER_SCRIPT_SANDBOXING = YES;
				GCC_C_LANGUAGE_STANDARD = gnu17;
				GCC_DYNAMIC_NO_PIC = NO;
				GCC_NO_COMMON_BLOCKS = YES;
				GCC_OPTIMIZATION_LEVEL = 0;
				GCC_PREPROCESSOR_DEFINITIONS = (
					"DEBUG=1",
					"$(inherited)",
				);
				GCC_WARN_64_TO_32_BIT_CONVERSION = YES;
				GCC_WARN_ABOUT_RETURN_TYPE = YES_ERROR;
				GCC_WARN_UNDECLARED_SELECTOR = YES;
				GCC_WARN_UNINITIALIZED_AUTOS = YES_AGGRESSIVE;
				GCC_WARN_UNUSED_FUNCTION = YES;
				GCC_WARN_UNUSED_VARIABLE = YES;
				IPHONEOS_DEPLOYMENT_TARGET = 17.0;
				MTL_ENABLE_DEBUG_INFO = INCLUDE_SOURCE;
				MTL_FAST_MATH = YES;
				ONLY_ACTIVE_ARCH = YES;
				SDKROOT = iphoneos;
				SWIFT_ACTIVE_COMPILATION_CONDITIONS = "DEBUG $(inherited)";
				SWIFT_OPTIMIZATION_LEVEL = "-Onone";
				SWIFT_VERSION = 5.0;
			};
			name = Debug;
		};
		944FFC1EADA94947A35A9124 /* Debug */ = {
			isa = XCBuildConfiguration;
			buildSettings = {
				ASSETCATALOG_COMPILER_APPICON_NAME = AppIcon;
				ASSETCATALOG_COMPILER_GLOBAL_ACCENT_COLOR_NAME = AccentColor;
				CODE_SIGN_STYLE = Automatic;
				CURRENT_PROJECT_VERSION = 1;
				DEVELOPMENT_TEAM = 4F53735QD2;
				ENABLE_PREVIEWS = YES;
				GENERATE_INFOPLIST_FILE = YES;
				INFOPLIST_KEY_UIApplicationSceneManifest_Generation = YES;
				INFOPLIST_KEY_UIApplicationSupportsIndirectInputEvents = YES;
				INFOPLIST_KEY_UILaunchScreen_Generation = YES;
				INFOPLIST_KEY_UISupportedInterfaceOrientations_iPad = "UIInterfaceOrientationPortrait UIInterfaceOrientationPortraitUpsideDown UIInterfaceOrientationLandscapeLeft UIInterfaceOrientationLandscapeRight";
				INFOPLIST_KEY_UISupportedInterfaceOrientations_iPhone = "UIInterfaceOrientationPortrait UIInterfaceOrientationLandscapeLeft UIInterfaceOrientationLandscapeRight";
				LD_RUNPATH_SEARCH_PATHS = (
					"$(inherited)",
					"@executable_path/Frameworks",
				);
				MARKETING_VERSION = 1.0;
				PRODUCT_BUNDLE_IDENTIFIER = com.echosinkapp.ios;
				PRODUCT_NAME = "$(TARGET_NAME)";
				SUPPORTED_PLATFORMS = "iphoneos iphonesimulator";
				SUPPORTS_MACCATALYST = NO;
				SUPPORTS_MAC_DESIGNED_FOR_IPHONE_IPAD = NO;
				SUPPORTS_XR_DESIGNED_FOR_IPHONE_IPAD = NO;
				SWIFT_EMIT_LOC_STRINGS = YES;
				SWIFT_VERSION = 5.0;
				TARGETED_DEVICE_FAMILY = 1;
			};
			name = Debug;
		};
		B3015AFF01D54BAFAAC880AC /* Release */ = {
			isa = XCBuildConfiguration;
			buildSettings = {
				ASSETCATALOG_COMPILER_APPICON_NAME = AppIcon;
				ASSETCATALOG_COMPILER_GLOBAL_ACCENT_COLOR_NAME = AccentColor;
				CODE_SIGN_STYLE = Automatic;
				CURRENT_PROJECT_VERSION = 1;
				DEVELOPMENT_TEAM = 4F53735QD2;
				ENABLE_PREVIEWS = YES;
				GENERATE_INFOPLIST_FILE = YES;
				INFOPLIST_KEY_UIApplicationSceneManifest_Generation = YES;
				INFOPLIST_KEY_UIApplicationSupportsIndirectInputEvents = YES;
				INFOPLIST_KEY_UILaunchScreen_Generation = YES;
				INFOPLIST_KEY_UISupportedInterfaceOrientations_iPad = "UIInterfaceOrientationPortrait UIInterfaceOrientationPortraitUpsideDown UIInterfaceOrientationLandscapeLeft UIInterfaceOrientationLandscapeRight";
				INFOPLIST_KEY_UISupportedInterfaceOrientations_iPhone = "UIInterfaceOrientationPortrait UIInterfaceOrientationLandscapeLeft UIInterfaceOrientationLandscapeRight";
				LD_RUNPATH_SEARCH_PATHS = (
					"$(inherited)",
					"@executable_path/Frameworks",
				);
				MARKETING_VERSION = 1.0;
				PRODUCT_BUNDLE_IDENTIFIER = com.echosinkapp.ios;
				PRODUCT_NAME = "$(TARGET_NAME)";
				SUPPORTED_PLATFORMS = "iphoneos iphonesimulator";
				SUPPORTS_MACCATALYST = NO;
				SUPPORTS_MAC_DESIGNED_FOR_IPHONE_IPAD = NO;
				SUPPORTS_XR_DESIGNED_FOR_IPHONE_IPAD = NO;
				SWIFT_EMIT_LOC_STRINGS = YES;
				SWIFT_VERSION = 5.0;
				TARGETED_DEVICE_FAMILY = 1;
			};
			name = Release;
		};
		FB14EC15B7AF41298A6054DD /* Release */ = {
			isa = XCBuildConfiguration;
			buildSettings = {
				ALWAYS_SEARCH_USER_PATHS = NO;
				ASSETCATALOG_COMPILER_GENERATE_SWIFT_ASSET_SYMBOL_EXTENSIONS = YES;
				CLANG_ANALYZER_NONNULL = YES;
				CLANG_ANALYZER_NUMBER_OBJECT_CONVERSION = YES_AGGRESSIVE;
				CLANG_CXX_LANGUAGE_STANDARD = "gnu++20";
				CLANG_ENABLE_MODULES = YES;
				CLANG_ENABLE_OBJC_ARC = YES;
				CLANG_ENABLE_OBJC_WEAK = YES;
				CLANG_WARN_BLOCK_CAPTURE_AUTORELEASING = YES;
				CLANG_WARN_BOOL_CONVERSION = YES;
				CLANG_WARN_COMMA = YES;
				CLANG_WARN_CONSTANT_CONVERSION = YES;
				CLANG_WARN_DEPRECATED_OBJC_IMPLEMENTATIONS = YES;
				CLANG_WARN_DIRECT_OBJC_ISA_USAGE = YES_ERROR;
				CLANG_WARN_DOCUMENTATION_COMMENTS = YES;
				CLANG_WARN_EMPTY_BODY = YES;
				CLANG_WARN_ENUM_CONVERSION = YES;
				CLANG_WARN_INFINITE_RECURSION = YES;
				CLANG_WARN_INT_CONVERSION = YES;
				CLANG_WARN_NON_LITERAL_NULL_CONVERSION = YES;
				CLANG_WARN_OBJC_IMPLICIT_RETAIN_SELF = YES;
				CLANG_WARN_OBJC_LITERAL_CONVERSION = YES;
				CLANG_WARN_OBJC_ROOT_CLASS = YES_ERROR;
				CLANG_WARN_QUOTED_INCLUDE_IN_FRAMEWORK_HEADER = YES;
				CLANG_WARN_RANGE_LOOP_ANALYSIS = YES;
				CLANG_WARN_STRICT_PROTOTYPES = YES;
				CLANG_WARN_SUSPICIOUS_MOVE = YES;
				CLANG_WARN_UNGUARDED_AVAILABILITY = YES_AGGRESSIVE;
				CLANG_WARN_UNREACHABLE_CODE = YES;
				CLANG_WARN__DUPLICATE_METHOD_MATCH = YES;
				COPY_PHASE_STRIP = NO;
				DEBUG_INFORMATION_FORMAT = "dwarf-with-dsym";
				ENABLE_NS_ASSERTIONS = NO;
				ENABLE_STRICT_OBJC_MSGSEND = YES;
				ENABLE_USER_SCRIPT_SANDBOXING = YES;
				GCC_C_LANGUAGE_STANDARD = gnu17;
				GCC_NO_COMMON_BLOCKS = YES;
				GCC_WARN_64_TO_32_BIT_CONVERSION = YES;
				GCC_WARN_ABOUT_RETURN_TYPE = YES_ERROR;
				GCC_WARN_UNDECLARED_SELECTOR = YES;
				GCC_WARN_UNINITIALIZED_AUTOS = YES_AGGRESSIVE;
				GCC_WARN_UNUSED_FUNCTION = YES;
				GCC_WARN_UNUSED_VARIABLE = YES;
				IPHONEOS_DEPLOYMENT_TARGET = 17.0;
				MTL_ENABLE_DEBUG_INFO = NO;
				MTL_FAST_MATH = YES;
				SDKROOT = iphoneos;
				SWIFT_COMPILATION_MODE = wholemodule;
				SWIFT_VERSION = 5.0;
				VALIDATE_PRODUCT = YES;
			};
			name = Release;
		};
/* End XCBuildConfiguration section */

/* Begin XCConfigurationList section */
		700F058BC3134481B530D61D /* Build configuration list for PBXNativeTarget "EchoSink" */ = {
			isa = XCConfigurationList;
			buildConfigurations = (
				944FFC1EADA94947A35A9124 /* Debug */,
				B3015AFF01D54BAFAAC880AC /* Release */,
			);
			defaultConfigurationIsVisible = 0;
			defaultConfigurationName = Release;
		};
		F43CDB8BDB9A42E59531B105 /* Build configuration list for PBXProject "EchoSink" */ = {
			isa = XCConfigurationList;
			buildConfigurations = (
				6311B7A8EC6A4EF3BD65C1CC /* Debug */,
				FB14EC15B7AF41298A6054DD /* Release */,
			);
			defaultConfigurationIsVisible = 0;
			defaultConfigurationName = Release;
		};
/* End XCConfigurationList section */
	};
	rootObject = 5CC89B395FFD473E9CE5D3E0 /* Project object */;
}
